Microsoft Visual Studio Solution File, Format Version 12.00
# Visual Studio Version 17
VisualStudioVersion = 17.5.2.0
MinimumVisualStudioVersion = 10.0.40219.1
Project("{FAE04EC0-301F-11D3-BF4B-00C04F79EFBC}") = "CurrencyExchangeRateChecker", "CurrencyExchangeRateChecker.csproj", "{96EDBB1C-B541-6BA5-C848-81C8EE7DF9DA}"
EndProject
Global
	GlobalSection(SolutionConfigurationPlatforms) = preSolution
		Debug|Any CPU = Debug|Any CPU
		Release|Any CPU = Release|Any CPU
	EndGlobalSection
	GlobalSection(ProjectConfigurationPlatforms) = postSolution
		{96EDBB1C-B541-6BA5-C848-81C8EE7DF9DA}.Debug|Any CPU.ActiveCfg = Debug|Any CPU
		{96EDBB1C-B541-6BA5-C848-81C8EE7DF9DA}.Debug|Any CPU.Build.0 = Debug|Any CPU
		{96EDBB1C-B541-6BA5-C848-81C8EE7DF9DA}.Release|Any CPU.ActiveCfg = Release|Any CPU
		{96EDBB1C-B541-6BA5-C848-81C8EE7DF9DA}.Release|Any CPU.Build.0 = Release|Any CPU
	EndGlobalSection
	GlobalSection(SolutionProperties) = preSolution
		HideSolutionNode = FALSE
	EndGlobalSection
	GlobalSection(ExtensibilityGlobals) = postSolution
		SolutionGuid = {64E97AD9-EC12-4042-8277-532FE6BD5006}
	EndGlobalSection
EndGlobal
